
Microsoft Visual Studio Solution File, Format Version 12.00
# Visual Studio Version 17
VisualStudioVersion = 17.11.35222.181
MinimumVisualStudioVersion = 10.0.40219.1
Project("{F184B08F-C81C-45F6-A57F-5ABD9991F28F}") = "MAStoy", "VioSM\MAStoy.vbproj", "{66D80BA3-CA60-4D24-8A8C-95858F5010AB}"
EndProject
Project("{54435603-DBB4-11D2-8724-00A0C9A8B90C}") = "MasoomStep", "MasoomStep\MasoomStep.vdproj", "{7696B678-D9F5-4ACE-9AA4-8090C06F469D}"
EndProject
Global
	GlobalSection(SolutionConfigurationPlatforms) = preSolution
		Debug|Any CPU = Debug|Any CPU
		Release|Any CPU = Release|Any CPU
	EndGlobalSection
	GlobalSection(ProjectConfigurationPlatforms) = postSolution
		{66D80BA3-CA60-4D24-8A8C-95858F5010AB}.Debug|Any CPU.ActiveCfg = Debug|Any CPU
		{66D80BA3-CA60-4D24-8A8C-95858F5010AB}.Debug|Any CPU.Build.0 = Debug|Any CPU
		{66D80BA3-CA60-4D24-8A8C-95858F5010AB}.Release|Any CPU.ActiveCfg = Release|Any CPU
		{66D80BA3-CA60-4D24-8A8C-95858F5010AB}.Release|Any CPU.Build.0 = Release|Any CPU
		{7696B678-D9F5-4ACE-9AA4-8090C06F469D}.Debug|Any CPU.ActiveCfg = Debug
		{7696B678-D9F5-4ACE-9AA4-8090C06F469D}.Release|Any CPU.ActiveCfg = Release
	EndGlobalSection
	GlobalSection(SolutionProperties) = preSolution
		HideSolutionNode = FALSE
	EndGlobalSection
	GlobalSection(ExtensibilityGlobals) = postSolution
		SolutionGuid = {66F0D9A3-EC79-4568-82D6-BB0297A214E2}
	EndGlobalSection
EndGlobal
